
Microsoft Visual Studio Solution File, Format Version 12.00
# Visual Studio Version 17
VisualStudioVersion = 17.3.32804.467
MinimumVisualStudioVersion = 10.0.40219.1
Project("{FAE04EC0-301F-11D3-BF4B-00C04F79EFBC}") = "DataStructures", "DataStructures.csproj", "{DFC4868A-20D0-4A34-99B1-FB5DAF36B196}"
EndProject
Global
	GlobalSection(SolutionConfigurationPlatforms) = preSolution
		Debug|Any CPU = Debug|Any CPU
		Release|Any CPU = Release|Any CPU
	EndGlobalSection
	GlobalSection(ProjectConfigurationPlatforms) = postSolution
		{DFC4868A-20D0-4A34-99B1-FB5DAF36B196}.Debug|Any CPU.ActiveCfg = Debug|Any CPU
		{DFC4868A-20D0-4A34-99B1-FB5DAF36B196}.Debug|Any CPU.Build.0 = Debug|Any CPU
		{DFC4868A-20D0-4A34-99B1-FB5DAF36B196}.Release|Any CPU.ActiveCfg = Release|Any CPU
		{DFC4868A-20D0-4A34-99B1-FB5DAF36B196}.Release|Any CPU.Build.0 = Release|Any CPU
	EndGlobalSection
	GlobalSection(SolutionProperties) = preSolution
		HideSolutionNode = FALSE
	EndGlobalSection
	GlobalSection(ExtensibilityGlobals) = postSolution
		SolutionGuid = {302F76A6-5D92-47D3-991A-9F957DCA0568}
	EndGlobalSection
EndGlobal
